
Microsoft Visual Studio Solution File, Format Version 12.00
# Visual Studio Version 17
VisualStudioVersion = 17.5.33502.453
MinimumVisualStudioVersion = 10.0.40219.1
Project("{FAE04EC0-301F-11D3-BF4B-00C04F79EFBC}") = "Time_TimePeriod", "Time_TimePeriod\Time_TimePeriod.csproj", "{CBE209D1-6599-4DDE-A5A8-0187454C8920}"
EndProject
Project("{FAE04EC0-301F-11D3-BF4B-00C04F79EFBC}") = "Program", "Program\Program.csproj", "{C19F88FB-933D-424B-BA3C-B9973391BC2E}"
EndProject
Project("{FAE04EC0-301F-11D3-BF4B-00C04F79EFBC}") = "Testy", "Testy\Testy.csproj", "{749DC218-D90E-4E85-ABE4-D74CD99F4A94}"
EndProject
Global
	GlobalSection(SolutionConfigurationPlatforms) = preSolution
		Debug|Any CPU = Debug|Any CPU
		Release|Any CPU = Release|Any CPU
	EndGlobalSection
	GlobalSection(ProjectConfigurationPlatforms) = postSolution
		{CBE209D1-6599-4DDE-A5A8-0187454C8920}.Debug|Any CPU.ActiveCfg = Debug|Any CPU
		{CBE209D1-6599-4DDE-A5A8-0187454C8920}.Debug|Any CPU.Build.0 = Debug|Any CPU
		{CBE209D1-6599-4DDE-A5A8-0187454C8920}.Release|Any CPU.ActiveCfg = Release|Any CPU
		{CBE209D1-6599-4DDE-A5A8-0187454C8920}.Release|Any CPU.Build.0 = Release|Any CPU
		{C19F88FB-933D-424B-BA3C-B9973391BC2E}.Debug|Any CPU.ActiveCfg = Debug|Any CPU
		{C19F88FB-933D-424B-BA3C-B9973391BC2E}.Debug|Any CPU.Build.0 = Debug|Any CPU
		{C19F88FB-933D-424B-BA3C-B9973391BC2E}.Release|Any CPU.ActiveCfg = Release|Any CPU
		{C19F88FB-933D-424B-BA3C-B9973391BC2E}.Release|Any CPU.Build.0 = Release|Any CPU
		{749DC218-D90E-4E85-ABE4-D74CD99F4A94}.Debug|Any CPU.ActiveCfg = Debug|Any CPU
		{749DC218-D90E-4E85-ABE4-D74CD99F4A94}.Debug|Any CPU.Build.0 = Debug|Any CPU
		{749DC218-D90E-4E85-ABE4-D74CD99F4A94}.Release|Any CPU.ActiveCfg = Release|Any CPU
		{749DC218-D90E-4E85-ABE4-D74CD99F4A94}.Release|Any CPU.Build.0 = Release|Any CPU
	EndGlobalSection
	GlobalSection(SolutionProperties) = preSolution
		HideSolutionNode = FALSE
	EndGlobalSection
	GlobalSection(ExtensibilityGlobals) = postSolution
		SolutionGuid = {37230C6D-7E1B-48B9-8800-2CE1432227CF}
	EndGlobalSection
EndGlobal
